
Microsoft Visual Studio Solution File, Format Version 12.00
# Visual Studio 15
VisualStudioVersion = 15.0.28307.168
MinimumVisualStudioVersion = 10.0.40219.1
Project("{FAE04EC0-301F-11D3-BF4B-00C04F79EFBC}") = "ConsoleApp3", "ConsoleApp3\ConsoleApp3.csproj", "{FEA7CED1-02FC-4B5A-81E5-908DF268D94B}"
EndProject
Global
	GlobalSection(SolutionConfigurationPlatforms) = preSolution
		Debug|Any CPU = Debug|Any CPU
		Release|Any CPU = Release|Any CPU
	EndGlobalSection
	GlobalSection(ProjectConfigurationPlatforms) = postSolution
		{FEA7CED1-02FC-4B5A-81E5-908DF268D94B}.Debug|Any CPU.ActiveCfg = Debug|Any CPU
		{FEA7CED1-02FC-4B5A-81E5-908DF268D94B}.Debug|Any CPU.Build.0 = Debug|Any CPU
		{FEA7CED1-02FC-4B5A-81E5-908DF268D94B}.Release|Any CPU.ActiveCfg = Release|Any CPU
		{FEA7CED1-02FC-4B5A-81E5-908DF268D94B}.Release|Any CPU.Build.0 = Release|Any CPU
	EndGlobalSection
	GlobalSection(SolutionProperties) = preSolution
		HideSolutionNode = FALSE
	EndGlobalSection
	GlobalSection(ExtensibilityGlobals) = postSolution
		SolutionGuid = {54F908F8-778A-435A-8026-4FFAE3A05017}
	EndGlobalSection
EndGlobal
